
Microsoft Visual Studio Solution File, Format Version 12.00
# Visual Studio 15
VisualStudioVersion = 15.0.28010.2041
MinimumVisualStudioVersion = 10.0.40219.1
Project("{9092AA53-FB77-4645-B42D-1CCCA6BD08BD}") = "Hola mundo", "Hola mundo\Hola mundo.njsproj", "{5177D003-9A82-4C1B-91CF-E9E55A070A78}"
EndProject
Global
	GlobalSection(SolutionConfigurationPlatforms) = preSolution
		Debug|Any CPU = Debug|Any CPU
		Release|Any CPU = Release|Any CPU
	EndGlobalSection
	GlobalSection(ProjectConfigurationPlatforms) = postSolution
		{5177D003-9A82-4C1B-91CF-E9E55A070A78}.Debug|Any CPU.ActiveCfg = Debug|Any CPU
		{5177D003-9A82-4C1B-91CF-E9E55A070A78}.Debug|Any CPU.Build.0 = Debug|Any CPU
		{5177D003-9A82-4C1B-91CF-E9E55A070A78}.Release|Any CPU.ActiveCfg = Release|Any CPU
		{5177D003-9A82-4C1B-91CF-E9E55A070A78}.Release|Any CPU.Build.0 = Release|Any CPU
	EndGlobalSection
	GlobalSection(SolutionProperties) = preSolution
		HideSolutionNode = FALSE
	EndGlobalSection
	GlobalSection(ExtensibilityGlobals) = postSolution
		SolutionGuid = {556F056F-650A-49EC-A1E6-4FE415E2FB4B}
	EndGlobalSection
EndGlobal
